{
  "nodes": {
    "nixpkgs": {
      "locked": {
        "lastModified": 1614374749,
        "narHash": "sha256-A0IeAqyR1lyA/OzSnXoeL/Z0zlHgdVr4z1m5I3wooFo=",
        "owner": "NixOS",
        "repo": "nixpkgs",
        "rev": "70c0af4bf6803fb008ad65ac10c984641f440aa5",
        "type": "github"
      },
      "original": {
        "id": "nixpkgs",
        "type": "indirect"
      }
    },
    "root": {
      "inputs": {
        "nixpkgs": "nixpkgs"
      }
    }
  },
  "root": "root",
  "version": 7
}
